// !$*UTF8*$!
{
	archiveVersion = 1;
	classes = {
	};
	objectVersion = 56;
	objects = {

/* Begin PBXBuildFile section */
		824ABA7C286F52F400D6E077 /* LandmarksApp.swift in Sources */ = {isa = PBXBuildFile; fileRef = 824ABA7B286F52F400D6E077 /* LandmarksApp.swift */; };
		824ABA7E286F52F400D6E077 /* ContentView.swift in Sources */ = {isa = PBXBuildFile; fileRef = 824ABA7D286F52F400D6E077 /* ContentView.swift */; };
		824ABA80286F52F400D6E077 /* Assets.xcassets in Resources */ = {isa = PBXBuildFile; fileRef = 824ABA7F286F52F400D6E077 /* Assets.xcassets */; };
		824ABA83286F52F400D6E077 /* Preview Assets.xcassets in Resources */ = {isa = PBXBuildFile; fileRef = 824ABA82286F52F400D6E077 /* Preview Assets.xcassets */; };
		824ABA8A286F599200D6E077 /* CircleImage.swift in Sources */ = {isa = PBXBuildFile; fileRef = 824ABA89286F599200D6E077 /* CircleImage.swift */; };
		824ABA8C286F7D5B00D6E077 /* MapView.swift in Sources */ = {isa = PBXBuildFile; fileRef = 824ABA8B286F7D5B00D6E077 /* MapView.swift */; };
		824ABA8E286F833400D6E077 /* landmarkData.json in Resources */ = {isa = PBXBuildFile; fileRef = 824ABA8D286F833400D6E077 /* landmarkData.json */; };
		824ABA90286F836800D6E077 /* Landmark.swift in Sources */ = {isa = PBXBuildFile; fileRef = 824ABA8F286F836800D6E077 /* Landmark.swift */; };
		824ABAA8286F861200D6E077 /* ModelData.swift in Sources */ = {isa = PBXBuildFile; fileRef = 824ABAA7286F861200D6E077 /* ModelData.swift */; };
		824ABAAE286F8A8600D6E077 /* LandmarkRow.swift in Sources */ = {isa = PBXBuildFile; fileRef = 824ABAAD286F8A8600D6E077 /* LandmarkRow.swift */; };
		824ABAB0286F912B00D6E077 /* LandmarkList.swift in Sources */ = {isa = PBXBuildFile; fileRef = 824ABAAF286F912B00D6E077 /* LandmarkList.swift */; };
		824ABAB2286F946700D6E077 /* LandmarkDetail.swift in Sources */ = {isa = PBXBuildFile; fileRef = 824ABAB1286F946700D6E077 /* LandmarkDetail.swift */; };
		827F03BA2874C23F003366C3 /* FavoriteButton.swift in Sources */ = {isa = PBXBuildFile; fileRef = 827F03B92874C23F003366C3 /* FavoriteButton.swift */; };
/* End PBXBuildFile section */

/* Begin PBXFileReference section */
		824ABA78286F52F400D6E077 /* Landmarks.app */ = {isa = PBXFileReference; explicitFileType = wrapper.application; includeInIndex = 0; path = Landmarks.app; sourceTree = BUILT_PRODUCTS_DIR; };
		824ABA7B286F52F400D6E077 /* LandmarksApp.swift */ = {isa = PBXFileReference; lastKnownFileType = sourcecode.swift; path = LandmarksApp.swift; sourceTree = "<group>"; };
		824ABA7D286F52F400D6E077 /* ContentView.swift */ = {isa = PBXFileReference; lastKnownFileType = sourcecode.swift; path = ContentView.swift; sourceTree = "<group>"; };
		824ABA7F286F52F400D6E077 /* Assets.xcassets */ = {isa = PBXFileReference; lastKnownFileType = folder.assetcatalog; path = Assets.xcassets; sourceTree = "<group>"; };
		824ABA82286F52F400D6E077 /* Preview Assets.xcassets */ = {isa = PBXFileReference; lastKnownFileType = folder.assetcatalog; path = "Preview Assets.xcassets"; sourceTree = "<group>"; };
		824ABA89286F599200D6E077 /* CircleImage.swift */ = {isa = PBXFileReference; lastKnownFileType = sourcecode.swift; path = CircleImage.swift; sourceTree = "<group>"; };
		824ABA8B286F7D5B00D6E077 /* MapView.swift */ = {isa = PBXFileReference; lastKnownFileType = sourcecode.swift; path = MapView.swift; sourceTree = "<group>"; };
		824ABA8D286F833400D6E077 /* landmarkData.json */ = {isa = PBXFileReference; fileEncoding = 4; lastKnownFileType = text.json; path = landmarkData.json; sourceTree = "<group>"; };
		824ABA8F286F836800D6E077 /* Landmark.swift */ = {isa = PBXFileReference; lastKnownFileType = sourcecode.swift; path = Landmark.swift; sourceTree = "<group>"; };
		824ABAA7286F861200D6E077 /* ModelData.swift */ = {isa = PBXFileReference; lastKnownFileType = sourcecode.swift; path = ModelData.swift; sourceTree = "<group>"; };
		824ABAAD286F8A8600D6E077 /* LandmarkRow.swift */ = {isa = PBXFileReference; lastKnownFileType = sourcecode.swift; path = LandmarkRow.swift; sourceTree = "<group>"; };
		824ABAAF286F912B00D6E077 /* LandmarkList.swift */ = {isa = PBXFileReference; lastKnownFileType = sourcecode.swift; path = LandmarkList.swift; sourceTree = "<group>"; };
		824ABAB1286F946700D6E077 /* LandmarkDetail.swift */ = {isa = PBXFileReference; lastKnownFileType = sourcecode.swift; path = LandmarkDetail.swift; sourceTree = "<group>"; };
		827F03B92874C23F003366C3 /* FavoriteButton.swift */ = {isa = PBXFileReference; fileEncoding = 4; lastKnownFileType = sourcecode.swift; path = FavoriteButton.swift; sourceTree = "<group>"; };
/* End PBXFileReference section */

/* Begin PBXFrameworksBuildPhase section */
		824ABA75286F52F400D6E077 /* Frameworks */ = {
			isa = PBXFrameworksBuildPhase;
			buildActionMask = 2147483647;
			files = (
			);
			runOnlyForDeploymentPostprocessing = 0;
		};
/* End PBXFrameworksBuildPhase section */

/* Begin PBXGroup section */
		824ABA6F286F52F400D6E077 = {
			isa = PBXGroup;
			children = (
				824ABA7A286F52F400D6E077 /* Landmarks */,
				824ABA79286F52F400D6E077 /* Products */,
			);
			sourceTree = "<group>";
		};
		824ABA79286F52F400D6E077 /* Products */ = {
			isa = PBXGroup;
			children = (
				824ABA78286F52F400D6E077 /* Landmarks.app */,
			);
			name = Products;
			sourceTree = "<group>";
		};
		824ABA7A286F52F400D6E077 /* Landmarks */ = {
			isa = PBXGroup;
			children = (
				824ABAAB286F89AF00D6E077 /* Model */,
				824ABAAA286F89A500D6E077 /* Views */,
				824ABAAC286F89B700D6E077 /* Resources */,
				824ABA7B286F52F400D6E077 /* LandmarksApp.swift */,
				824ABA7F286F52F400D6E077 /* Assets.xcassets */,
				824ABA81286F52F400D6E077 /* Preview Content */,
			);
			path = Landmarks;
			sourceTree = "<group>";
		};
		824ABA81286F52F400D6E077 /* Preview Content */ = {
			isa = PBXGroup;
			children = (
				824ABA82286F52F400D6E077 /* Preview Assets.xcassets */,
			);
			path = "Preview Content";
			sourceTree = "<group>";
		};
		824ABAAA286F89A500D6E077 /* Views */ = {
			isa = PBXGroup;
			children = (
				827F038028738C90003366C3 /* Landmarks */,
				827F037F28738C88003366C3 /* Helpers */,
				824ABA7D286F52F400D6E077 /* ContentView.swift */,
			);
			path = Views;
			sourceTree = "<group>";
		};
		824ABAAB286F89AF00D6E077 /* Model */ = {
			isa = PBXGroup;
			children = (
				824ABAA7286F861200D6E077 /* ModelData.swift */,
				824ABA8F286F836800D6E077 /* Landmark.swift */,
			);
			path = Model;
			sourceTree = "<group>";
		};
		824ABAAC286F89B700D6E077 /* Resources */ = {
			isa = PBXGroup;
			children = (
				824ABA8D286F833400D6E077 /* landmarkData.json */,
			);
			path = Resources;
			sourceTree = "<group>";
		};
		827F037F28738C88003366C3 /* Helpers */ = {
			isa = PBXGroup;
			children = (
				824ABA89286F599200D6E077 /* CircleImage.swift */,
				827F03B92874C23F003366C3 /* FavoriteButton.swift */,
				824ABA8B286F7D5B00D6E077 /* MapView.swift */,
			);
			path = Helpers;
			sourceTree = "<group>";
		};
		827F038028738C90003366C3 /* Landmarks */ = {
			isa = PBXGroup;
			children = (
				824ABAAD286F8A8600D6E077 /* LandmarkRow.swift */,
				824ABAAF286F912B00D6E077 /* LandmarkList.swift */,
				824ABAB1286F946700D6E077 /* LandmarkDetail.swift */,
			);
			path = Landmarks;
			sourceTree = "<group>";
		};
/* End PBXGroup section */

/* Begin PBXNativeTarget section */
		824ABA77286F52F400D6E077 /* Landmarks */ = {
			isa = PBXNativeTarget;
			buildConfigurationList = 824ABA86286F52F400D6E077 /* Build configuration list for PBXNativeTarget "Landmarks" */;
			buildPhases = (
				824ABA74286F52F400D6E077 /* Sources */,
				824ABA75286F52F400D6E077 /* Frameworks */,
				824ABA76286F52F400D6E077 /* Resources */,
			);
			buildRules = (
			);
			dependencies = (
			);
			name = Landmarks;
			productName = Landmarks;
			productReference = 824ABA78286F52F400D6E077 /* Landmarks.app */;
			productType = "com.apple.product-type.application";
		};
/* End PBXNativeTarget section */

/* Begin PBXProject section */
		824ABA70286F52F400D6E077 /* Project object */ = {
			isa = PBXProject;
			attributes = {
				BuildIndependentTargetsInParallel = 1;
				LastSwiftUpdateCheck = 1400;
				LastUpgradeCheck = 1400;
				TargetAttributes = {
					824ABA77286F52F400D6E077 = {
						CreatedOnToolsVersion = 14.0;
					};
				};
			};
			buildConfigurationList = 824ABA73286F52F400D6E077 /* Build configuration list for PBXProject "Landmarks" */;
			compatibilityVersion = "Xcode 14.0";
			developmentRegion = en;
			hasScannedForEncodings = 0;
			knownRegions = (
				en,
				Base,
			);
			mainGroup = 824ABA6F286F52F400D6E077;
			productRefGroup = 824ABA79286F52F400D6E077 /* Products */;
			projectDirPath = "";
			projectRoot = "";
			targets = (
				824ABA77286F52F400D6E077 /* Landmarks */,
			);
		};
/* End PBXProject section */

/* Begin PBXResourcesBuildPhase section */
		824ABA76286F52F400D6E077 /* Resources */ = {
			isa = PBXResourcesBuildPhase;
			buildActionMask = 2147483647;
			files = (
				824ABA83286F52F400D6E077 /* Preview Assets.xcassets in Resources */,
				824ABA80286F52F400D6E077 /* Assets.xcassets in Resources */,
				824ABA8E286F833400D6E077 /* landmarkData.json in Resources */,
			);
			runOnlyForDeploymentPostprocessing = 0;
		};
/* End PBXResourcesBuildPhase section */

/* Begin PBXSourcesBuildPhase section */
		824ABA74286F52F400D6E077 /* Sources */ = {
			isa = PBXSourcesBuildPhase;
			buildActionMask = 2147483647;
			files = (
				824ABA7E286F52F400D6E077 /* ContentView.swift in Sources */,
				824ABA8C286F7D5B00D6E077 /* MapView.swift in Sources */,
				824ABA7C286F52F400D6E077 /* LandmarksApp.swift in Sources */,
				827F03BA2874C23F003366C3 /* FavoriteButton.swift in Sources */,
				824ABAB0286F912B00D6E077 /* LandmarkList.swift in Sources */,
				824ABAB2286F946700D6E077 /* LandmarkDetail.swift in Sources */,
				824ABA8A286F599200D6E077 /* CircleImage.swift in Sources */,
				824ABA90286F836800D6E077 /* Landmark.swift in Sources */,
				824ABAAE286F8A8600D6E077 /* LandmarkRow.swift in Sources */,
				824ABAA8286F861200D6E077 /* ModelData.swift in Sources */,
			);
			runOnlyForDeploymentPostprocessing = 0;
		};
/* End PBXSourcesBuildPhase section */

/* Begin XCBuildConfiguration section */
		824ABA84286F52F400D6E077 /* Debug */ = {
			isa = XCBuildConfiguration;
			buildSettings = {
				ALWAYS_SEARCH_USER_PATHS = NO;
				CLANG_ANALYZER_NONNULL = YES;
				CLANG_ANALYZER_NUMBER_OBJECT_CONVERSION = YES_AGGRESSIVE;
				CLANG_CXX_LANGUAGE_STANDARD = "gnu++17";
				CLANG_ENABLE_MODULES = YES;
				CLANG_ENABLE_OBJC_ARC = YES;
				CLANG_ENABLE_OBJC_WEAK = YES;
				CLANG_WARN_BLOCK_CAPTURE_AUTORELEASING = YES;
				CLANG_WARN_BOOL_CONVERSION = YES;
				CLANG_WARN_COMMA = YES;
				CLANG_WARN_CONSTANT_CONVERSION = YES;
				CLANG_WARN_DEPRECATED_OBJC_IMPLEMENTATIONS = YES;
				CLANG_WARN_DIRECT_OBJC_ISA_USAGE = YES_ERROR;
				CLANG_WARN_DOCUMENTATION_COMMENTS = YES;
				CLANG_WARN_EMPTY_BODY = YES;
				CLANG_WARN_ENUM_CONVERSION = YES;
				CLANG_WARN_INFINITE_RECURSION = YES;
				CLANG_WARN_INT_CONVERSION = YES;
				CLANG_WARN_NON_LITERAL_NULL_CONVERSION = YES;
				CLANG_WARN_OBJC_IMPLICIT_RETAIN_SELF = YES;
				CLANG_WARN_OBJC_LITERAL_CONVERSION = YES;
				CLANG_WARN_OBJC_ROOT_CLASS = YES_ERROR;
				CLANG_WARN_QUOTED_INCLUDE_IN_FRAMEWORK_HEADER = YES;
				CLANG_WARN_RANGE_LOOP_ANALYSIS = YES;
				CLANG_WARN_STRICT_PROTOTYPES = YES;
				CLANG_WARN_SUSPICIOUS_MOVE = YES;
				CLANG_WARN_UNGUARDED_AVAILABILITY = YES_AGGRESSIVE;
				CLANG_WARN_UNREACHABLE_CODE = YES;
				CLANG_WARN__DUPLICATE_METHOD_MATCH = YES;
				COPY_PHASE_STRIP = NO;
				DEBUG_INFORMATION_FORMAT = dwarf;
				ENABLE_STRICT_OBJC_MSGSEND = YES;
				ENABLE_TESTABILITY = YES;
				GCC_C_LANGUAGE_STANDARD = gnu11;
				GCC_DYNAMIC_NO_PIC = NO;
				GCC_NO_COMMON_BLOCKS = YES;
				GCC_OPTIMIZATION_LEVEL = 0;
				GCC_PREPROCESSOR_DEFINITIONS = (
					"DEBUG=1",
					"$(inherited)",
				);
				GCC_WARN_64_TO_32_BIT_CONVERSION = YES;
				GCC_WARN_ABOUT_RETURN_TYPE = YES_ERROR;
				GCC_WARN_UNDECLARED_SELECTOR = YES;
				GCC_WARN_UNINITIALIZED_AUTOS = YES_AGGRESSIVE;
				GCC_WARN_UNUSED_FUNCTION = YES;
				GCC_WARN_UNUSED_VARIABLE = YES;
				IPHONEOS_DEPLOYMENT_TARGET = 16.0;
				MTL_ENABLE_DEBUG_INFO = INCLUDE_SOURCE;
				MTL_FAST_MATH = YES;
				ONLY_ACTIVE_ARCH = YES;
				SDKROOT = iphoneos;
				SWIFT_ACTIVE_COMPILATION_CONDITIONS = DEBUG;
				SWIFT_OPTIMIZATION_LEVEL = "-Onone";
			};
			name = Debug;
		};
		824ABA85286F52F400D6E077 /* Release */ = {
			isa = XCBuildConfiguration;
			buildSettings = {
				ALWAYS_SEARCH_USER_PATHS = NO;
				CLANG_ANALYZER_NONNULL = YES;
				CLANG_ANALYZER_NUMBER_OBJECT_CONVERSION = YES_AGGRESSIVE;
				CLANG_CXX_LANGUAGE_STANDARD = "gnu++17";
				CLANG_ENABLE_MODULES = YES;
				CLANG_ENABLE_OBJC_ARC = YES;
				CLANG_ENABLE_OBJC_WEAK = YES;
				CLANG_WARN_BLOCK_CAPTURE_AUTORELEASING = YES;
				CLANG_WARN_BOOL_CONVERSION = YES;
				CLANG_WARN_COMMA = YES;
				CLANG_WARN_CONSTANT_CONVERSION = YES;
				CLANG_WARN_DEPRECATED_OBJC_IMPLEMENTATIONS = YES;
				CLANG_WARN_DIRECT_OBJC_ISA_USAGE = YES_ERROR;
				CLANG_WARN_DOCUMENTATION_COMMENTS = YES;
				CLANG_WARN_EMPTY_BODY = YES;
				CLANG_WARN_ENUM_CONVERSION = YES;
				CLANG_WARN_INFINITE_RECURSION = YES;
				CLANG_WARN_INT_CONVERSION = YES;
				CLANG_WARN_NON_LITERAL_NULL_CONVERSION = YES;
				CLANG_WARN_OBJC_IMPLICIT_RETAIN_SELF = YES;
				CLANG_WARN_OBJC_LITERAL_CONVERSION = YES;
				CLANG_WARN_OBJC_ROOT_CLASS = YES_ERROR;
				CLANG_WARN_QUOTED_INCLUDE_IN_FRAMEWORK_HEADER = YES;
				CLANG_WARN_RANGE_LOOP_ANALYSIS = YES;
				CLANG_WARN_STRICT_PROTOTYPES = YES;
				CLANG_WARN_SUSPICIOUS_MOVE = YES;
				CLANG_WARN_UNGUARDED_AVAILABILITY = YES_AGGRESSIVE;
				CLANG_WARN_UNREACHABLE_CODE = YES;
				CLANG_WARN__DUPLICATE_METHOD_MATCH = YES;
				COPY_PHASE_STRIP = NO;
				DEBUG_INFORMATION_FORMAT = "dwarf-with-dsym";
				ENABLE_NS_ASSERTIONS = NO;
				ENABLE_STRICT_OBJC_MSGSEND = YES;
				GCC_C_LANGUAGE_STANDARD = gnu11;
				GCC_NO_COMMON_BLOCKS = YES;
				GCC_WARN_64_TO_32_BIT_CONVERSION = YES;
				GCC_WARN_ABOUT_RETURN_TYPE = YES_ERROR;
				GCC_WARN_UNDECLARED_SELECTOR = YES;
				GCC_WARN_UNINITIALIZED_AUTOS = YES_AGGRESSIVE;
				GCC_WARN_UNUSED_FUNCTION = YES;
				GCC_WARN_UNUSED_VARIABLE = YES;
				IPHONEOS_DEPLOYMENT_TARGET = 16.0;
				MTL_ENABLE_DEBUG_INFO = NO;
				MTL_FAST_MATH = YES;
				SDKROOT = iphoneos;
				SWIFT_COMPILATION_MODE = wholemodule;
				SWIFT_OPTIMIZATION_LEVEL = "-O";
				VALIDATE_PRODUCT = YES;
			};
			name = Release;
		};
		824ABA87286F52F400D6E077 /* Debug */ = {
			isa = XCBuildConfiguration;
			buildSettings = {
				ASSETCATALOG_COMPILER_APPICON_NAME = AppIcon;
				ASSETCATALOG_COMPILER_GLOBAL_ACCENT_COLOR_NAME = AccentColor;
				CODE_SIGN_STYLE = Automatic;
				CURRENT_PROJECT_VERSION = 1;
				DEVELOPMENT_ASSET_PATHS = "\"Landmarks/Preview Content\"";
				ENABLE_PREVIEWS = YES;
				GENERATE_INFOPLIST_FILE = YES;
				INFOPLIST_KEY_UIApplicationSceneManifest_Generation = YES;
				INFOPLIST_KEY_UIApplicationSupportsIndirectInputEvents = YES;
				INFOPLIST_KEY_UILaunchScreen_Generation = YES;
				INFOPLIST_KEY_UISupportedInterfaceOrientations_iPad = "UIInterfaceOrientationPortrait UIInterfaceOrientationPortraitUpsideDown UIInterfaceOrientationLandscapeLeft UIInterfaceOrientationLandscapeRight";
				INFOPLIST_KEY_UISupportedInterfaceOrientations_iPhone = "UIInterfaceOrientationPortrait UIInterfaceOrientationLandscapeLeft UIInterfaceOrientationLandscapeRight";
				LD_RUNPATH_SEARCH_PATHS = (
					"$(inherited)",
					"@executable_path/Frameworks",
				);
				MARKETING_VERSION = 1.0;
				PRODUCT_BUNDLE_IDENTIFIER = "com.example.apple-samplecode.Landmarks";
				PRODUCT_NAME = "$(TARGET_NAME)";
				SWIFT_EMIT_LOC_STRINGS = YES;
				SWIFT_VERSION = 5.0;
				TARGETED_DEVICE_FAMILY = "1,2";
			};
			name = Debug;
		};
		824ABA88286F52F400D6E077 /* Release */ = {
			isa = XCBuildConfiguration;
			buildSettings = {
				ASSETCATALOG_COMPILER_APPICON_NAME = AppIcon;
				ASSETCATALOG_COMPILER_GLOBAL_ACCENT_COLOR_NAME = AccentColor;
				CODE_SIGN_STYLE = Automatic;
				CURRENT_PROJECT_VERSION = 1;
				DEVELOPMENT_ASSET_PATHS = "\"Landmarks/Preview Content\"";
				ENABLE_PREVIEWS = YES;
				GENERATE_INFOPLIST_FILE = YES;
				INFOPLIST_KEY_UIApplicationSceneManifest_Generation = YES;
				INFOPLIST_KEY_UIApplicationSupportsIndirectInputEvents = YES;
				INFOPLIST_KEY_UILaunchScreen_Generation = YES;
				INFOPLIST_KEY_UISupportedInterfaceOrientations_iPad = "UIInterfaceOrientationPortrait UIInterfaceOrientationPortraitUpsideDown UIInterfaceOrientationLandscapeLeft UIInterfaceOrientationLandscapeRight";
				INFOPLIST_KEY_UISupportedInterfaceOrientations_iPhone = "UIInterfaceOrientationPortrait UIInterfaceOrientationLandscapeLeft UIInterfaceOrientationLandscapeRight";
				LD_RUNPATH_SEARCH_PATHS = (
					"$(inherited)",
					"@executable_path/Frameworks",
				);
				MARKETING_VERSION = 1.0;
				PRODUCT_BUNDLE_IDENTIFIER = "com.example.apple-samplecode.Landmarks";
				PRODUCT_NAME = "$(TARGET_NAME)";
				SWIFT_EMIT_LOC_STRINGS = YES;
				SWIFT_VERSION = 5.0;
				TARGETED_DEVICE_FAMILY = "1,2";
			};
			name = Release;
		};
/* End XCBuildConfiguration section */

/* Begin XCConfigurationList section */
		824ABA73286F52F400D6E077 /* Build configuration list for PBXProject "Landmarks" */ = {
			isa = XCConfigurationList;
			buildConfigurations = (
				824ABA84286F52F400D6E077 /* Debug */,
				824ABA85286F52F400D6E077 /* Release */,
			);
			defaultConfigurationIsVisible = 0;
			defaultConfigurationName = Release;
		};
		824ABA86286F52F400D6E077 /* Build configuration list for PBXNativeTarget "Landmarks" */ = {
			isa = XCConfigurationList;
			buildConfigurations = (
				824ABA87286F52F400D6E077 /* Debug */,
				824ABA88286F52F400D6E077 /* Release */,
			);
			defaultConfigurationIsVisible = 0;
			defaultConfigurationName = Release;
		};
/* End XCConfigurationList section */
	};
	rootObject = 824ABA70286F52F400D6E077 /* Project object */;
}
